
Microsoft Visual Studio Solution File, Format Version 12.00
# Visual Studio Version 16
VisualStudioVersion = 16.0.31402.337
MinimumVisualStudioVersion = 10.0.40219.1
Project("{FAE04EC0-301F-11D3-BF4B-00C04F79EFBC}") = "MartianRobotsCLI", "MartianRobots\MartianRobotsCLI.csproj", "{CA41E25D-F1AE-496F-83CF-592A8A54A738}"
EndProject
Project("{FAE04EC0-301F-11D3-BF4B-00C04F79EFBC}") = "MartianRobotsScriptlike", "MartianRobotsScriptlike\MartianRobotsScriptlike.csproj", "{6192FFA7-0D17-4EC6-B53B-1D46F5FFC350}"
EndProject
Project("{FAE04EC0-301F-11D3-BF4B-00C04F79EFBC}") = "MartianRobotsRESTAPI", "MartianRobotsRESTAPI\MartianRobotsRESTAPI.csproj", "{34A37508-D4AE-4458-9AAC-053000C95497}"
EndProject
Project("{FAE04EC0-301F-11D3-BF4B-00C04F79EFBC}") = "MartianRobotsLib", "MartianRobotsLib\MartianRobotsLib.csproj", "{92BE8CCB-78B8-4A7F-94DA-C77050FFFA9E}"
EndProject
Project("{FAE04EC0-301F-11D3-BF4B-00C04F79EFBC}") = "MartianRobotsTests", "MartianRobotsTests\MartianRobotsTests.csproj", "{D867337B-56B4-43B1-BFA7-6D4DC65918B5}"
EndProject
Global
	GlobalSection(SolutionConfigurationPlatforms) = preSolution
		Debug|Any CPU = Debug|Any CPU
		Release|Any CPU = Release|Any CPU
	EndGlobalSection
	GlobalSection(ProjectConfigurationPlatforms) = postSolution
		{CA41E25D-F1AE-496F-83CF-592A8A54A738}.Debug|Any CPU.ActiveCfg = Debug|Any CPU
		{CA41E25D-F1AE-496F-83CF-592A8A54A738}.Debug|Any CPU.Build.0 = Debug|Any CPU
		{CA41E25D-F1AE-496F-83CF-592A8A54A738}.Release|Any CPU.ActiveCfg = Release|Any CPU
		{CA41E25D-F1AE-496F-83CF-592A8A54A738}.Release|Any CPU.Build.0 = Release|Any CPU
		{6192FFA7-0D17-4EC6-B53B-1D46F5FFC350}.Debug|Any CPU.ActiveCfg = Debug|Any CPU
		{6192FFA7-0D17-4EC6-B53B-1D46F5FFC350}.Debug|Any CPU.Build.0 = Debug|Any CPU
		{6192FFA7-0D17-4EC6-B53B-1D46F5FFC350}.Release|Any CPU.ActiveCfg = Release|Any CPU
		{6192FFA7-0D17-4EC6-B53B-1D46F5FFC350}.Release|Any CPU.Build.0 = Release|Any CPU
		{34A37508-D4AE-4458-9AAC-053000C95497}.Debug|Any CPU.ActiveCfg = Debug|Any CPU
		{34A37508-D4AE-4458-9AAC-053000C95497}.Debug|Any CPU.Build.0 = Debug|Any CPU
		{34A37508-D4AE-4458-9AAC-053000C95497}.Release|Any CPU.ActiveCfg = Release|Any CPU
		{34A37508-D4AE-4458-9AAC-053000C95497}.Release|Any CPU.Build.0 = Release|Any CPU
		{92BE8CCB-78B8-4A7F-94DA-C77050FFFA9E}.Debug|Any CPU.ActiveCfg = Debug|Any CPU
		{92BE8CCB-78B8-4A7F-94DA-C77050FFFA9E}.Debug|Any CPU.Build.0 = Debug|Any CPU
		{92BE8CCB-78B8-4A7F-94DA-C77050FFFA9E}.Release|Any CPU.ActiveCfg = Release|Any CPU
		{92BE8CCB-78B8-4A7F-94DA-C77050FFFA9E}.Release|Any CPU.Build.0 = Release|Any CPU
		{D867337B-56B4-43B1-BFA7-6D4DC65918B5}.Debug|Any CPU.ActiveCfg = Debug|Any CPU
		{D867337B-56B4-43B1-BFA7-6D4DC65918B5}.Debug|Any CPU.Build.0 = Debug|Any CPU
		{D867337B-56B4-43B1-BFA7-6D4DC65918B5}.Release|Any CPU.ActiveCfg = Release|Any CPU
		{D867337B-56B4-43B1-BFA7-6D4DC65918B5}.Release|Any CPU.Build.0 = Release|Any CPU
	EndGlobalSection
	GlobalSection(SolutionProperties) = preSolution
		HideSolutionNode = FALSE
	EndGlobalSection
	GlobalSection(ExtensibilityGlobals) = postSolution
		SolutionGuid = {DCC7D840-E963-4516-BB8A-2CC5B9276474}
	EndGlobalSection
EndGlobal
